// !$*UTF8*$!
{
	archiveVersion = 1;
	classes = {
	};
	objectVersion = 50;
	objects = {

/* Begin PBXBuildFile section */
		807856DC04F2B0E08927E827 /* Pods_kalve.framework in Frameworks */ = {isa = PBXBuildFile; fileRef = 7FD9C550ED9C886EA578EBAD /* Pods_kalve.framework */; };
		881B23CC20E7769800913B8C /* AssetPanel.swift in Sources */ = {isa = PBXBuildFile; fileRef = 881B23CB20E7769800913B8C /* AssetPanel.swift */; };
		885397EF20F2FC7C00A1A5AD /* DashboardViewController.swift in Sources */ = {isa = PBXBuildFile; fileRef = 885397EE20F2FC7C00A1A5AD /* DashboardViewController.swift */; };
		88E6BC3520D782B200A8AE39 /* AppDelegate.swift in Sources */ = {isa = PBXBuildFile; fileRef = 88E6BC3420D782B200A8AE39 /* AppDelegate.swift */; };
		88E6BC3720D782B200A8AE39 /* CanvasViewController.swift in Sources */ = {isa = PBXBuildFile; fileRef = 88E6BC3620D782B200A8AE39 /* CanvasViewController.swift */; };
		88E6BC3D20D782B300A8AE39 /* kalve.xcdatamodeld in Sources */ = {isa = PBXBuildFile; fileRef = 88E6BC3B20D782B300A8AE39 /* kalve.xcdatamodeld */; };
		88E6BC3F20D782B600A8AE39 /* Assets.xcassets in Resources */ = {isa = PBXBuildFile; fileRef = 88E6BC3E20D782B600A8AE39 /* Assets.xcassets */; };
		88E6BC4220D782B600A8AE39 /* LaunchScreen.storyboard in Resources */ = {isa = PBXBuildFile; fileRef = 88E6BC4020D782B600A8AE39 /* LaunchScreen.storyboard */; };
		88E6BC4A20DB728C00A8AE39 /* ColorPanel.swift in Sources */ = {isa = PBXBuildFile; fileRef = 88E6BC4920DB728C00A8AE39 /* ColorPanel.swift */; };
/* End PBXBuildFile section */

/* Begin PBXFileReference section */
		56255D67D5F632F419FC258C /* Pods-kalve.release.xcconfig */ = {isa = PBXFileReference; includeInIndex = 1; lastKnownFileType = text.xcconfig; name = "Pods-kalve.release.xcconfig"; path = "Pods/Target Support Files/Pods-kalve/Pods-kalve.release.xcconfig"; sourceTree = "<group>"; };
		7FD9C550ED9C886EA578EBAD /* Pods_kalve.framework */ = {isa = PBXFileReference; explicitFileType = wrapper.framework; includeInIndex = 0; path = Pods_kalve.framework; sourceTree = BUILT_PRODUCTS_DIR; };
		881B23CB20E7769800913B8C /* AssetPanel.swift */ = {isa = PBXFileReference; lastKnownFileType = sourcecode.swift; path = AssetPanel.swift; sourceTree = "<group>"; };
		885397EE20F2FC7C00A1A5AD /* DashboardViewController.swift */ = {isa = PBXFileReference; lastKnownFileType = sourcecode.swift; path = DashboardViewController.swift; sourceTree = "<group>"; };
		88E6BC3120D782B200A8AE39 /* kalve.app */ = {isa = PBXFileReference; explicitFileType = wrapper.application; includeInIndex = 0; path = kalve.app; sourceTree = BUILT_PRODUCTS_DIR; };
		88E6BC3420D782B200A8AE39 /* AppDelegate.swift */ = {isa = PBXFileReference; lastKnownFileType = sourcecode.swift; path = AppDelegate.swift; sourceTree = "<group>"; };
		88E6BC3620D782B200A8AE39 /* CanvasViewController.swift */ = {isa = PBXFileReference; lastKnownFileType = sourcecode.swift; path = CanvasViewController.swift; sourceTree = "<group>"; };
		88E6BC3C20D782B300A8AE39 /* kalve.xcdatamodel */ = {isa = PBXFileReference; lastKnownFileType = wrapper.xcdatamodel; path = kalve.xcdatamodel; sourceTree = "<group>"; };
		88E6BC3E20D782B600A8AE39 /* Assets.xcassets */ = {isa = PBXFileReference; lastKnownFileType = folder.assetcatalog; path = Assets.xcassets; sourceTree = "<group>"; };
		88E6BC4120D782B600A8AE39 /* Base */ = {isa = PBXFileReference; lastKnownFileType = file.storyboard; name = Base; path = Base.lproj/LaunchScreen.storyboard; sourceTree = "<group>"; };
		88E6BC4320D782B600A8AE39 /* Info.plist */ = {isa = PBXFileReference; lastKnownFileType = text.plist.xml; path = Info.plist; sourceTree = "<group>"; };
		88E6BC4920DB728C00A8AE39 /* ColorPanel.swift */ = {isa = PBXFileReference; lastKnownFileType = sourcecode.swift; path = ColorPanel.swift; sourceTree = "<group>"; };
		D453BA6E5392ACB9EAEC37DA /* Pods-kalve.debug.xcconfig */ = {isa = PBXFileReference; includeInIndex = 1; lastKnownFileType = text.xcconfig; name = "Pods-kalve.debug.xcconfig"; path = "Pods/Target Support Files/Pods-kalve/Pods-kalve.debug.xcconfig"; sourceTree = "<group>"; };
/* End PBXFileReference section */

/* Begin PBXFrameworksBuildPhase section */
		88E6BC2E20D782B200A8AE39 /* Frameworks */ = {
			isa = PBXFrameworksBuildPhase;
			buildActionMask = 2147483647;
			files = (
				807856DC04F2B0E08927E827 /* Pods_kalve.framework in Frameworks */,
			);
			runOnlyForDeploymentPostprocessing = 0;
		};
/* End PBXFrameworksBuildPhase section */

/* Begin PBXGroup section */
		17DF104C851E471D10502981 /* Frameworks */ = {
			isa = PBXGroup;
			children = (
				7FD9C550ED9C886EA578EBAD /* Pods_kalve.framework */,
			);
			name = Frameworks;
			sourceTree = "<group>";
		};
		694A55D20411EBB195D6D033 /* Pods */ = {
			isa = PBXGroup;
			children = (
				D453BA6E5392ACB9EAEC37DA /* Pods-kalve.debug.xcconfig */,
				56255D67D5F632F419FC258C /* Pods-kalve.release.xcconfig */,
			);
			name = Pods;
			sourceTree = "<group>";
		};
		88E6BC2820D782B200A8AE39 = {
			isa = PBXGroup;
			children = (
				88E6BC3320D782B200A8AE39 /* kalve */,
				88E6BC3220D782B200A8AE39 /* Products */,
				694A55D20411EBB195D6D033 /* Pods */,
				17DF104C851E471D10502981 /* Frameworks */,
			);
			sourceTree = "<group>";
		};
		88E6BC3220D782B200A8AE39 /* Products */ = {
			isa = PBXGroup;
			children = (
				88E6BC3120D782B200A8AE39 /* kalve.app */,
			);
			name = Products;
			sourceTree = "<group>";
		};
		88E6BC3320D782B200A8AE39 /* kalve */ = {
			isa = PBXGroup;
			children = (
				88E6BC3420D782B200A8AE39 /* AppDelegate.swift */,
				885397EE20F2FC7C00A1A5AD /* DashboardViewController.swift */,
				88E6BC3620D782B200A8AE39 /* CanvasViewController.swift */,
				881B23CB20E7769800913B8C /* AssetPanel.swift */,
				88E6BC3E20D782B600A8AE39 /* Assets.xcassets */,
				88E6BC4020D782B600A8AE39 /* LaunchScreen.storyboard */,
				88E6BC4320D782B600A8AE39 /* Info.plist */,
				88E6BC3B20D782B300A8AE39 /* kalve.xcdatamodeld */,
				88E6BC4920DB728C00A8AE39 /* ColorPanel.swift */,
			);
			path = kalve;
			sourceTree = "<group>";
		};
/* End PBXGroup section */

/* Begin PBXNativeTarget section */
		88E6BC3020D782B200A8AE39 /* kalve */ = {
			isa = PBXNativeTarget;
			buildConfigurationList = 88E6BC4620D782B600A8AE39 /* Build configuration list for PBXNativeTarget "kalve" */;
			buildPhases = (
				E68B73231ACBAC87E4B06BDD /* [CP] Check Pods Manifest.lock */,
				88E6BC2D20D782B200A8AE39 /* Sources */,
				88E6BC2E20D782B200A8AE39 /* Frameworks */,
				88E6BC2F20D782B200A8AE39 /* Resources */,
				C1D382BA72AF9E0242917240 /* [CP] Embed Pods Frameworks */,
			);
			buildRules = (
			);
			dependencies = (
			);
			name = kalve;
			productName = kalve;
			productReference = 88E6BC3120D782B200A8AE39 /* kalve.app */;
			productType = "com.apple.product-type.application";
		};
/* End PBXNativeTarget section */

/* Begin PBXProject section */
		88E6BC2920D782B200A8AE39 /* Project object */ = {
			isa = PBXProject;
			attributes = {
				LastSwiftUpdateCheck = 0940;
				LastUpgradeCheck = 0940;
				ORGANIZATIONNAME = "Michael Fox";
				TargetAttributes = {
					88E6BC3020D782B200A8AE39 = {
						CreatedOnToolsVersion = 9.4.1;
					};
				};
			};
			buildConfigurationList = 88E6BC2C20D782B200A8AE39 /* Build configuration list for PBXProject "kalve" */;
			compatibilityVersion = "Xcode 9.3";
			developmentRegion = en;
			hasScannedForEncodings = 0;
			knownRegions = (
				en,
				Base,
			);
			mainGroup = 88E6BC2820D782B200A8AE39;
			productRefGroup = 88E6BC3220D782B200A8AE39 /* Products */;
			projectDirPath = "";
			projectRoot = "";
			targets = (
				88E6BC3020D782B200A8AE39 /* kalve */,
			);
		};
/* End PBXProject section */

/* Begin PBXResourcesBuildPhase section */
		88E6BC2F20D782B200A8AE39 /* Resources */ = {
			isa = PBXResourcesBuildPhase;
			buildActionMask = 2147483647;
			files = (
				88E6BC4220D782B600A8AE39 /* LaunchScreen.storyboard in Resources */,
				88E6BC3F20D782B600A8AE39 /* Assets.xcassets in Resources */,
			);
			runOnlyForDeploymentPostprocessing = 0;
		};
/* End PBXResourcesBuildPhase section */

/* Begin PBXShellScriptBuildPhase section */
		C1D382BA72AF9E0242917240 /* [CP] Embed Pods Frameworks */ = {
			isa = PBXShellScriptBuildPhase;
			buildActionMask = 2147483647;
			files = (
			);
			inputPaths = (
				"${SRCROOT}/Pods/Target Support Files/Pods-kalve/Pods-kalve-frameworks.sh",
				"${BUILT_PRODUCTS_DIR}/Alamofire/Alamofire.framework",
				"${BUILT_PRODUCTS_DIR}/SwiftyJSON/SwiftyJSON.framework",
			);
			name = "[CP] Embed Pods Frameworks";
			outputPaths = (
				"${TARGET_BUILD_DIR}/${FRAMEWORKS_FOLDER_PATH}/Alamofire.framework",
				"${TARGET_BUILD_DIR}/${FRAMEWORKS_FOLDER_PATH}/SwiftyJSON.framework",
			);
			runOnlyForDeploymentPostprocessing = 0;
			shellPath = /bin/sh;
			shellScript = "\"${SRCROOT}/Pods/Target Support Files/Pods-kalve/Pods-kalve-frameworks.sh\"\n";
			showEnvVarsInLog = 0;
		};
		E68B73231ACBAC87E4B06BDD /* [CP] Check Pods Manifest.lock */ = {
			isa = PBXShellScriptBuildPhase;
			buildActionMask = 2147483647;
			files = (
			);
			inputPaths = (
				"${PODS_PODFILE_DIR_PATH}/Podfile.lock",
				"${PODS_ROOT}/Manifest.lock",
			);
			name = "[CP] Check Pods Manifest.lock";
			outputPaths = (
				"$(DERIVED_FILE_DIR)/Pods-kalve-checkManifestLockResult.txt",
			);
			runOnlyForDeploymentPostprocessing = 0;
			shellPath = /bin/sh;
			shellScript = "diff \"${PODS_PODFILE_DIR_PATH}/Podfile.lock\" \"${PODS_ROOT}/Manifest.lock\" > /dev/null\nif [ $? != 0 ] ; then\n    # print error to STDERR\n    echo \"error: The sandbox is not in sync with the Podfile.lock. Run 'pod install' or update your CocoaPods installation.\" >&2\n    exit 1\nfi\n# This output is used by Xcode 'outputs' to avoid re-running this script phase.\necho \"SUCCESS\" > \"${SCRIPT_OUTPUT_FILE_0}\"\n";
			showEnvVarsInLog = 0;
		};
/* End PBXShellScriptBuildPhase section */

/* Begin PBXSourcesBuildPhase section */
		88E6BC2D20D782B200A8AE39 /* Sources */ = {
			isa = PBXSourcesBuildPhase;
			buildActionMask = 2147483647;
			files = (
				88E6BC3D20D782B300A8AE39 /* kalve.xcdatamodeld in Sources */,
				885397EF20F2FC7C00A1A5AD /* DashboardViewController.swift in Sources */,
				88E6BC3720D782B200A8AE39 /* CanvasViewController.swift in Sources */,
				88E6BC4A20DB728C00A8AE39 /* ColorPanel.swift in Sources */,
				881B23CC20E7769800913B8C /* AssetPanel.swift in Sources */,
				88E6BC3520D782B200A8AE39 /* AppDelegate.swift in Sources */,
			);
			runOnlyForDeploymentPostprocessing = 0;
		};
/* End PBXSourcesBuildPhase section */

/* Begin PBXVariantGroup section */
		88E6BC4020D782B600A8AE39 /* LaunchScreen.storyboard */ = {
			isa = PBXVariantGroup;
			children = (
				88E6BC4120D782B600A8AE39 /* Base */,
			);
			name = LaunchScreen.storyboard;
			sourceTree = "<group>";
		};
/* End PBXVariantGroup section */

/* Begin XCBuildConfiguration section */
		88E6BC4420D782B600A8AE39 /* Debug */ = {
			isa = XCBuildConfiguration;
			buildSettings = {
				ALWAYS_SEARCH_USER_PATHS = NO;
				CLANG_ANALYZER_NONNULL = YES;
				CLANG_ANALYZER_NUMBER_OBJECT_CONVERSION = YES_AGGRESSIVE;
				CLANG_CXX_LANGUAGE_STANDARD = "gnu++14";
				CLANG_CXX_LIBRARY = "libc++";
				CLANG_ENABLE_MODULES = YES;
				CLANG_ENABLE_OBJC_ARC = YES;
				CLANG_ENABLE_OBJC_WEAK = YES;
				CLANG_WARN_BLOCK_CAPTURE_AUTORELEASING = YES;
				CLANG_WARN_BOOL_CONVERSION = YES;
				CLANG_WARN_COMMA = YES;
				CLANG_WARN_CONSTANT_CONVERSION = YES;
				CLANG_WARN_DEPRECATED_OBJC_IMPLEMENTATIONS = YES;
				CLANG_WARN_DIRECT_OBJC_ISA_USAGE = YES_ERROR;
				CLANG_WARN_DOCUMENTATION_COMMENTS = YES;
				CLANG_WARN_EMPTY_BODY = YES;
				CLANG_WARN_ENUM_CONVERSION = YES;
				CLANG_WARN_INFINITE_RECURSION = YES;
				CLANG_WARN_INT_CONVERSION = YES;
				CLANG_WARN_NON_LITERAL_NULL_CONVERSION = YES;
				CLANG_WARN_OBJC_IMPLICIT_RETAIN_SELF = YES;
				CLANG_WARN_OBJC_LITERAL_CONVERSION = YES;
				CLANG_WARN_OBJC_ROOT_CLASS = YES_ERROR;
				CLANG_WARN_RANGE_LOOP_ANALYSIS = YES;
				CLANG_WARN_STRICT_PROTOTYPES = YES;
				CLANG_WARN_SUSPICIOUS_MOVE = YES;
				CLANG_WARN_UNGUARDED_AVAILABILITY = YES_AGGRESSIVE;
				CLANG_WARN_UNREACHABLE_CODE = YES;
				CLANG_WARN__DUPLICATE_METHOD_MATCH = YES;
				CODE_SIGN_IDENTITY = "iPhone Developer";
				COPY_PHASE_STRIP = NO;
				DEBUG_INFORMATION_FORMAT = dwarf;
				ENABLE_STRICT_OBJC_MSGSEND = YES;
				ENABLE_TESTABILITY = YES;
				GCC_C_LANGUAGE_STANDARD = gnu11;
				GCC_DYNAMIC_NO_PIC = NO;
				GCC_NO_COMMON_BLOCKS = YES;
				GCC_OPTIMIZATION_LEVEL = 0;
				GCC_PREPROCESSOR_DEFINITIONS = (
					"DEBUG=1",
					"$(inherited)",
				);
				GCC_WARN_64_TO_32_BIT_CONVERSION = YES;
				GCC_WARN_ABOUT_RETURN_TYPE = YES_ERROR;
				GCC_WARN_UNDECLARED_SELECTOR = YES;
				GCC_WARN_UNINITIALIZED_AUTOS = YES_AGGRESSIVE;
				GCC_WARN_UNUSED_FUNCTION = YES;
				GCC_WARN_UNUSED_VARIABLE = YES;
				IPHONEOS_DEPLOYMENT_TARGET = 11.4;
				MTL_ENABLE_DEBUG_INFO = YES;
				ONLY_ACTIVE_ARCH = YES;
				SDKROOT = iphoneos;
				SWIFT_ACTIVE_COMPILATION_CONDITIONS = DEBUG;
				SWIFT_OPTIMIZATION_LEVEL = "-Onone";
			};
			name = Debug;
		};
		88E6BC4520D782B600A8AE39 /* Release */ = {
			isa = XCBuildConfiguration;
			buildSettings = {
				ALWAYS_SEARCH_USER_PATHS = NO;
				CLANG_ANALYZER_NONNULL = YES;
				CLANG_ANALYZER_NUMBER_OBJECT_CONVERSION = YES_AGGRESSIVE;
				CLANG_CXX_LANGUAGE_STANDARD = "gnu++14";
				CLANG_CXX_LIBRARY = "libc++";
				CLANG_ENABLE_MODULES = YES;
				CLANG_ENABLE_OBJC_ARC = YES;
				CLANG_ENABLE_OBJC_WEAK = YES;
				CLANG_WARN_BLOCK_CAPTURE_AUTORELEASING = YES;
				CLANG_WARN_BOOL_CONVERSION = YES;
				CLANG_WARN_COMMA = YES;
				CLANG_WARN_CONSTANT_CONVERSION = YES;
				CLANG_WARN_DEPRECATED_OBJC_IMPLEMENTATIONS = YES;
				CLANG_WARN_DIRECT_OBJC_ISA_USAGE = YES_ERROR;
				CLANG_WARN_DOCUMENTATION_COMMENTS = YES;
				CLANG_WARN_EMPTY_BODY = YES;
				CLANG_WARN_ENUM_CONVERSION = YES;
				CLANG_WARN_INFINITE_RECURSION = YES;
				CLANG_WARN_INT_CONVERSION = YES;
				CLANG_WARN_NON_LITERAL_NULL_CONVERSION = YES;
				CLANG_WARN_OBJC_IMPLICIT_RETAIN_SELF = YES;
				CLANG_WARN_OBJC_LITERAL_CONVERSION = YES;
				CLANG_WARN_OBJC_ROOT_CLASS = YES_ERROR;
				CLANG_WARN_RANGE_LOOP_ANALYSIS = YES;
				CLANG_WARN_STRICT_PROTOTYPES = YES;
				CLANG_WARN_SUSPICIOUS_MOVE = YES;
				CLANG_WARN_UNGUARDED_AVAILABILITY = YES_AGGRESSIVE;
				CLANG_WARN_UNREACHABLE_CODE = YES;
				CLANG_WARN__DUPLICATE_METHOD_MATCH = YES;
				CODE_SIGN_IDENTITY = "iPhone Developer";
				COPY_PHASE_STRIP = NO;
				DEBUG_INFORMATION_FORMAT = "dwarf-with-dsym";
				ENABLE_NS_ASSERTIONS = NO;
				ENABLE_STRICT_OBJC_MSGSEND = YES;
				GCC_C_LANGUAGE_STANDARD = gnu11;
				GCC_NO_COMMON_BLOCKS = YES;
				GCC_WARN_64_TO_32_BIT_CONVERSION = YES;
				GCC_WARN_ABOUT_RETURN_TYPE = YES_ERROR;
				GCC_WARN_UNDECLARED_SELECTOR = YES;
				GCC_WARN_UNINITIALIZED_AUTOS = YES_AGGRESSIVE;
				GCC_WARN_UNUSED_FUNCTION = YES;
				GCC_WARN_UNUSED_VARIABLE = YES;
				IPHONEOS_DEPLOYMENT_TARGET = 11.4;
				MTL_ENABLE_DEBUG_INFO = NO;
				SDKROOT = iphoneos;
				SWIFT_COMPILATION_MODE = wholemodule;
				SWIFT_OPTIMIZATION_LEVEL = "-O";
				VALIDATE_PRODUCT = YES;
			};
			name = Release;
		};
		88E6BC4720D782B600A8AE39 /* Debug */ = {
			isa = XCBuildConfiguration;
			baseConfigurationReference = D453BA6E5392ACB9EAEC37DA /* Pods-kalve.debug.xcconfig */;
			buildSettings = {
				ASSETCATALOG_COMPILER_APPICON_NAME = AppIcon;
				CODE_SIGN_STYLE = Automatic;
				DEVELOPMENT_TEAM = W5T32R2AP6;
				INFOPLIST_FILE = kalve/Info.plist;
				LD_RUNPATH_SEARCH_PATHS = (
					"$(inherited)",
					"@executable_path/Frameworks",
				);
				PRODUCT_BUNDLE_IDENTIFIER = com.michaelscottfox.kalve;
				PRODUCT_NAME = "$(TARGET_NAME)";
				SWIFT_VERSION = 4.0;
				TARGETED_DEVICE_FAMILY = "1,2";
			};
			name = Debug;
		};
		88E6BC4820D782B600A8AE39 /* Release */ = {
			isa = XCBuildConfiguration;
			baseConfigurationReference = 56255D67D5F632F419FC258C /* Pods-kalve.release.xcconfig */;
			buildSettings = {
				ASSETCATALOG_COMPILER_APPICON_NAME = AppIcon;
				CODE_SIGN_STYLE = Automatic;
				DEVELOPMENT_TEAM = W5T32R2AP6;
				INFOPLIST_FILE = kalve/Info.plist;
				LD_RUNPATH_SEARCH_PATHS = (
					"$(inherited)",
					"@executable_path/Frameworks",
				);
				PRODUCT_BUNDLE_IDENTIFIER = com.michaelscottfox.kalve;
				PRODUCT_NAME = "$(TARGET_NAME)";
				SWIFT_VERSION = 4.0;
				TARGETED_DEVICE_FAMILY = "1,2";
			};
			name = Release;
		};
/* End XCBuildConfiguration section */

/* Begin XCConfigurationList section */
		88E6BC2C20D782B200A8AE39 /* Build configuration list for PBXProject "kalve" */ = {
			isa = XCConfigurationList;
			buildConfigurations = (
				88E6BC4420D782B600A8AE39 /* Debug */,
				88E6BC4520D782B600A8AE39 /* Release */,
			);
			defaultConfigurationIsVisible = 0;
			defaultConfigurationName = Release;
		};
		88E6BC4620D782B600A8AE39 /* Build configuration list for PBXNativeTarget "kalve" */ = {
			isa = XCConfigurationList;
			buildConfigurations = (
				88E6BC4720D782B600A8AE39 /* Debug */,
				88E6BC4820D782B600A8AE39 /* Release */,
			);
			defaultConfigurationIsVisible = 0;
			defaultConfigurationName = Release;
		};
/* End XCConfigurationList section */

/* Begin XCVersionGroup section */
		88E6BC3B20D782B300A8AE39 /* kalve.xcdatamodeld */ = {
			isa = XCVersionGroup;
			children = (
				88E6BC3C20D782B300A8AE39 /* kalve.xcdatamodel */,
			);
			currentVersion = 88E6BC3C20D782B300A8AE39 /* kalve.xcdatamodel */;
			path = kalve.xcdatamodeld;
			sourceTree = "<group>";
			versionGroupType = wrapper.xcdatamodel;
		};
/* End XCVersionGroup section */
	};
	rootObject = 88E6BC2920D782B200A8AE39 /* Project object */;
}
